
Microsoft Visual Studio Solution File, Format Version 12.00
# Visual Studio Version 17
VisualStudioVersion = 17.10.35122.118
MinimumVisualStudioVersion = 10.0.40219.1
Project("{FAE04EC0-301F-11D3-BF4B-00C04F79EFBC}") = "bai8_pheptinhcoban_Radio button", "bai8_pheptinhcoban_Radio button\bai8_pheptinhcoban_Radio button.csproj", "{12FE34E6-B7D3-4C56-B958-3C6C69E94E14}"
EndProject
Global
	GlobalSection(SolutionConfigurationPlatforms) = preSolution
		Debug|Any CPU = Debug|Any CPU
		Release|Any CPU = Release|Any CPU
	EndGlobalSection
	GlobalSection(ProjectConfigurationPlatforms) = postSolution
		{12FE34E6-B7D3-4C56-B958-3C6C69E94E14}.Debug|Any CPU.ActiveCfg = Debug|Any CPU
		{12FE34E6-B7D3-4C56-B958-3C6C69E94E14}.Debug|Any CPU.Build.0 = Debug|Any CPU
		{12FE34E6-B7D3-4C56-B958-3C6C69E94E14}.Release|Any CPU.ActiveCfg = Release|Any CPU
		{12FE34E6-B7D3-4C56-B958-3C6C69E94E14}.Release|Any CPU.Build.0 = Release|Any CPU
	EndGlobalSection
	GlobalSection(SolutionProperties) = preSolution
		HideSolutionNode = FALSE
	EndGlobalSection
	GlobalSection(ExtensibilityGlobals) = postSolution
		SolutionGuid = {363C9424-A203-4988-8350-18B9CE2A6679}
	EndGlobalSection
EndGlobal
